// !$*UTF8*$!
{
	archiveVersion = 1;
	classes = {
	};
	objectVersion = 77;
	objects = {

/* Begin PBXBuildFile section */
		18BB565E2D9A12EC008B7B62 /* Kuzu.xcframework in Frameworks */ = {isa = PBXBuildFile; fileRef = 18BB565C2D9A12D5008B7B62 /* Kuzu.xcframework */; };
		18BB565F2D9A12EC008B7B62 /* Kuzu.xcframework in Embed Frameworks */ = {isa = PBXBuildFile; fileRef = 18BB565C2D9A12D5008B7B62 /* Kuzu.xcframework */; settings = {ATTRIBUTES = (CodeSignOnCopy, RemoveHeadersOnCopy, ); }; };
/* End PBXBuildFile section */

/* Begin PBXContainerItemProxy section */
		18BB563F2D9A112E008B7B62 /* PBXContainerItemProxy */ = {
			isa = PBXContainerItemProxy;
			containerPortal = 18BB56262D9A1128008B7B62 /* Project object */;
			proxyType = 1;
			remoteGlobalIDString = 18BB562D2D9A1128008B7B62;
			remoteInfo = KuzuTestApp;
		};
		18BB56492D9A112E008B7B62 /* PBXContainerItemProxy */ = {
			isa = PBXContainerItemProxy;
			containerPortal = 18BB56262D9A1128008B7B62 /* Project object */;
			proxyType = 1;
			remoteGlobalIDString = 18BB562D2D9A1128008B7B62;
			remoteInfo = KuzuTestApp;
		};
/* End PBXContainerItemProxy section */

/* Begin PBXCopyFilesBuildPhase section */
		18BB56602D9A12EC008B7B62 /* Embed Frameworks */ = {
			isa = PBXCopyFilesBuildPhase;
			buildActionMask = 2147483647;
			dstPath = "";
			dstSubfolderSpec = 10;
			files = (
				18BB565F2D9A12EC008B7B62 /* Kuzu.xcframework in Embed Frameworks */,
			);
			name = "Embed Frameworks";
			runOnlyForDeploymentPostprocessing = 0;
		};
/* End PBXCopyFilesBuildPhase section */

/* Begin PBXFileReference section */
		18BB562E2D9A1128008B7B62 /* KuzuTestApp.app */ = {isa = PBXFileReference; explicitFileType = wrapper.application; includeInIndex = 0; path = KuzuTestApp.app; sourceTree = BUILT_PRODUCTS_DIR; };
		18BB563E2D9A112E008B7B62 /* KuzuTestAppTests.xctest */ = {isa = PBXFileReference; explicitFileType = wrapper.cfbundle; includeInIndex = 0; path = KuzuTestAppTests.xctest; sourceTree = BUILT_PRODUCTS_DIR; };
		18BB56482D9A112E008B7B62 /* KuzuTestAppUITests.xctest */ = {isa = PBXFileReference; explicitFileType = wrapper.cfbundle; includeInIndex = 0; path = KuzuTestAppUITests.xctest; sourceTree = BUILT_PRODUCTS_DIR; };
		18BB565C2D9A12D5008B7B62 /* Kuzu.xcframework */ = {isa = PBXFileReference; lastKnownFileType = wrapper.xcframework; path = Kuzu.xcframework; sourceTree = "<group>"; };
/* End PBXFileReference section */

/* Begin PBXFileSystemSynchronizedRootGroup section */
		18BB56302D9A1128008B7B62 /* KuzuTestApp */ = {
			isa = PBXFileSystemSynchronizedRootGroup;
			path = KuzuTestApp;
			sourceTree = "<group>";
		};
		18BB56412D9A112E008B7B62 /* KuzuTestAppTests */ = {
			isa = PBXFileSystemSynchronizedRootGroup;
			path = KuzuTestAppTests;
			sourceTree = "<group>";
		};
		18BB564B2D9A112E008B7B62 /* KuzuTestAppUITests */ = {
			isa = PBXFileSystemSynchronizedRootGroup;
			path = KuzuTestAppUITests;
			sourceTree = "<group>";
		};
/* End PBXFileSystemSynchronizedRootGroup section */

/* Begin PBXFrameworksBuildPhase section */
		18BB562B2D9A1128008B7B62 /* Frameworks */ = {
			isa = PBXFrameworksBuildPhase;
			buildActionMask = 2147483647;
			files = (
				18BB565E2D9A12EC008B7B62 /* Kuzu.xcframework in Frameworks */,
			);
			runOnlyForDeploymentPostprocessing = 0;
		};
		18BB563B2D9A112E008B7B62 /* Frameworks */ = {
			isa = PBXFrameworksBuildPhase;
			buildActionMask = 2147483647;
			files = (
			);
			runOnlyForDeploymentPostprocessing = 0;
		};
		18BB56452D9A112E008B7B62 /* Frameworks */ = {
			isa = PBXFrameworksBuildPhase;
			buildActionMask = 2147483647;
			files = (
			);
			runOnlyForDeploymentPostprocessing = 0;
		};
/* End PBXFrameworksBuildPhase section */

/* Begin PBXGroup section */
		18BB56252D9A1128008B7B62 = {
			isa = PBXGroup;
			children = (
				18BB56302D9A1128008B7B62 /* KuzuTestApp */,
				18BB56412D9A112E008B7B62 /* KuzuTestAppTests */,
				18BB564B2D9A112E008B7B62 /* KuzuTestAppUITests */,
				18BB562F2D9A1128008B7B62 /* Products */,
				18BB565C2D9A12D5008B7B62 /* Kuzu.xcframework */,
			);
			sourceTree = "<group>";
		};
		18BB562F2D9A1128008B7B62 /* Products */ = {
			isa = PBXGroup;
			children = (
				18BB562E2D9A1128008B7B62 /* KuzuTestApp.app */,
				18BB563E2D9A112E008B7B62 /* KuzuTestAppTests.xctest */,
				18BB56482D9A112E008B7B62 /* KuzuTestAppUITests.xctest */,
			);
			name = Products;
			sourceTree = "<group>";
		};
/* End PBXGroup section */

/* Begin PBXNativeTarget section */
		18BB562D2D9A1128008B7B62 /* KuzuTestApp */ = {
			isa = PBXNativeTarget;
			buildConfigurationList = 18BB56522D9A112E008B7B62 /* Build configuration list for PBXNativeTarget "KuzuTestApp" */;
			buildPhases = (
				18BB562A2D9A1128008B7B62 /* Sources */,
				18BB562B2D9A1128008B7B62 /* Frameworks */,
				18BB562C2D9A1128008B7B62 /* Resources */,
				18BB56602D9A12EC008B7B62 /* Embed Frameworks */,
			);
			buildRules = (
			);
			dependencies = (
			);
			fileSystemSynchronizedGroups = (
				18BB56302D9A1128008B7B62 /* KuzuTestApp */,
			);
			name = KuzuTestApp;
			packageProductDependencies = (
			);
			productName = KuzuTestApp;
			productReference = 18BB562E2D9A1128008B7B62 /* KuzuTestApp.app */;
			productType = "com.apple.product-type.application";
		};
		18BB563D2D9A112E008B7B62 /* KuzuTestAppTests */ = {
			isa = PBXNativeTarget;
			buildConfigurationList = 18BB56552D9A112E008B7B62 /* Build configuration list for PBXNativeTarget "KuzuTestAppTests" */;
			buildPhases = (
				18BB563A2D9A112E008B7B62 /* Sources */,
				18BB563B2D9A112E008B7B62 /* Frameworks */,
				18BB563C2D9A112E008B7B62 /* Resources */,
			);
			buildRules = (
			);
			dependencies = (
				18BB56402D9A112E008B7B62 /* PBXTargetDependency */,
			);
			fileSystemSynchronizedGroups = (
				18BB56412D9A112E008B7B62 /* KuzuTestAppTests */,
			);
			name = KuzuTestAppTests;
			packageProductDependencies = (
			);
			productName = KuzuTestAppTests;
			productReference = 18BB563E2D9A112E008B7B62 /* KuzuTestAppTests.xctest */;
			productType = "com.apple.product-type.bundle.unit-test";
		};
		18BB56472D9A112E008B7B62 /* KuzuTestAppUITests */ = {
			isa = PBXNativeTarget;
			buildConfigurationList = 18BB56582D9A112E008B7B62 /* Build configuration list for PBXNativeTarget "KuzuTestAppUITests" */;
			buildPhases = (
				18BB56442D9A112E008B7B62 /* Sources */,
				18BB56452D9A112E008B7B62 /* Frameworks */,
				18BB56462D9A112E008B7B62 /* Resources */,
			);
			buildRules = (
			);
			dependencies = (
				18BB564A2D9A112E008B7B62 /* PBXTargetDependency */,
			);
			fileSystemSynchronizedGroups = (
				18BB564B2D9A112E008B7B62 /* KuzuTestAppUITests */,
			);
			name = KuzuTestAppUITests;
			packageProductDependencies = (
			);
			productName = KuzuTestAppUITests;
			productReference = 18BB56482D9A112E008B7B62 /* KuzuTestAppUITests.xctest */;
			productType = "com.apple.product-type.bundle.ui-testing";
		};
/* End PBXNativeTarget section */

/* Begin PBXProject section */
		18BB56262D9A1128008B7B62 /* Project object */ = {
			isa = PBXProject;
			attributes = {
				BuildIndependentTargetsInParallel = 1;
				LastSwiftUpdateCheck = 1620;
				LastUpgradeCheck = 1620;
				TargetAttributes = {
					18BB562D2D9A1128008B7B62 = {
						CreatedOnToolsVersion = 16.2;
					};
					18BB563D2D9A112E008B7B62 = {
						CreatedOnToolsVersion = 16.2;
						TestTargetID = 18BB562D2D9A1128008B7B62;
					};
					18BB56472D9A112E008B7B62 = {
						CreatedOnToolsVersion = 16.2;
						TestTargetID = 18BB562D2D9A1128008B7B62;
					};
				};
			};
			buildConfigurationList = 18BB56292D9A1128008B7B62 /* Build configuration list for PBXProject "KuzuTestApp" */;
			developmentRegion = en;
			hasScannedForEncodings = 0;
			knownRegions = (
				en,
				Base,
			);
			mainGroup = 18BB56252D9A1128008B7B62;
			minimizedProjectReferenceProxies = 1;
			preferredProjectObjectVersion = 77;
			productRefGroup = 18BB562F2D9A1128008B7B62 /* Products */;
			projectDirPath = "";
			projectRoot = "";
			targets = (
				18BB562D2D9A1128008B7B62 /* KuzuTestApp */,
				18BB563D2D9A112E008B7B62 /* KuzuTestAppTests */,
				18BB56472D9A112E008B7B62 /* KuzuTestAppUITests */,
			);
		};
/* End PBXProject section */

/* Begin PBXResourcesBuildPhase section */
		18BB562C2D9A1128008B7B62 /* Resources */ = {
			isa = PBXResourcesBuildPhase;
			buildActionMask = 2147483647;
			files = (
			);
			runOnlyForDeploymentPostprocessing = 0;
		};
		18BB563C2D9A112E008B7B62 /* Resources */ = {
			isa = PBXResourcesBuildPhase;
			buildActionMask = 2147483647;
			files = (
			);
			runOnlyForDeploymentPostprocessing = 0;
		};
		18BB56462D9A112E008B7B62 /* Resources */ = {
			isa = PBXResourcesBuildPhase;
			buildActionMask = 2147483647;
			files = (
			);
			runOnlyForDeploymentPostprocessing = 0;
		};
/* End PBXResourcesBuildPhase section */

/* Begin PBXSourcesBuildPhase section */
		18BB562A2D9A1128008B7B62 /* Sources */ = {
			isa = PBXSourcesBuildPhase;
			buildActionMask = 2147483647;
			files = (
			);
			runOnlyForDeploymentPostprocessing = 0;
		};
		18BB563A2D9A112E008B7B62 /* Sources */ = {
			isa = PBXSourcesBuildPhase;
			buildActionMask = 2147483647;
			files = (
			);
			runOnlyForDeploymentPostprocessing = 0;
		};
		18BB56442D9A112E008B7B62 /* Sources */ = {
			isa = PBXSourcesBuildPhase;
			buildActionMask = 2147483647;
			files = (
			);
			runOnlyForDeploymentPostprocessing = 0;
		};
/* End PBXSourcesBuildPhase section */

/* Begin PBXTargetDependency section */
		18BB56402D9A112E008B7B62 /* PBXTargetDependency */ = {
			isa = PBXTargetDependency;
			target = 18BB562D2D9A1128008B7B62 /* KuzuTestApp */;
			targetProxy = 18BB563F2D9A112E008B7B62 /* PBXContainerItemProxy */;
		};
		18BB564A2D9A112E008B7B62 /* PBXTargetDependency */ = {
			isa = PBXTargetDependency;
			target = 18BB562D2D9A1128008B7B62 /* KuzuTestApp */;
			targetProxy = 18BB56492D9A112E008B7B62 /* PBXContainerItemProxy */;
		};
/* End PBXTargetDependency section */

/* Begin XCBuildConfiguration section */
		18BB56502D9A112E008B7B62 /* Debug */ = {
			isa = XCBuildConfiguration;
			buildSettings = {
				ALWAYS_SEARCH_USER_PATHS = NO;
				ASSETCATALOG_COMPILER_GENERATE_SWIFT_ASSET_SYMBOL_EXTENSIONS = YES;
				CLANG_ANALYZER_NONNULL = YES;
				CLANG_ANALYZER_NUMBER_OBJECT_CONVERSION = YES_AGGRESSIVE;
				CLANG_CXX_LANGUAGE_STANDARD = "gnu++20";
				CLANG_ENABLE_MODULES = YES;
				CLANG_ENABLE_OBJC_ARC = YES;
				CLANG_ENABLE_OBJC_WEAK = YES;
				CLANG_WARN_BLOCK_CAPTURE_AUTORELEASING = YES;
				CLANG_WARN_BOOL_CONVERSION = YES;
				CLANG_WARN_COMMA = YES;
				CLANG_WARN_CONSTANT_CONVERSION = YES;
				CLANG_WARN_DEPRECATED_OBJC_IMPLEMENTATIONS = YES;
				CLANG_WARN_DIRECT_OBJC_ISA_USAGE = YES_ERROR;
				CLANG_WARN_DOCUMENTATION_COMMENTS = YES;
				CLANG_WARN_EMPTY_BODY = YES;
				CLANG_WARN_ENUM_CONVERSION = YES;
				CLANG_WARN_INFINITE_RECURSION = YES;
				CLANG_WARN_INT_CONVERSION = YES;
				CLANG_WARN_NON_LITERAL_NULL_CONVERSION = YES;
				CLANG_WARN_OBJC_IMPLICIT_RETAIN_SELF = YES;
				CLANG_WARN_OBJC_LITERAL_CONVERSION = YES;
				CLANG_WARN_OBJC_ROOT_CLASS = YES_ERROR;
				CLANG_WARN_QUOTED_INCLUDE_IN_FRAMEWORK_HEADER = YES;
				CLANG_WARN_RANGE_LOOP_ANALYSIS = YES;
				CLANG_WARN_STRICT_PROTOTYPES = YES;
				CLANG_WARN_SUSPICIOUS_MOVE = YES;
				CLANG_WARN_UNGUARDED_AVAILABILITY = YES_AGGRESSIVE;
				CLANG_WARN_UNREACHABLE_CODE = YES;
				CLANG_WARN__DUPLICATE_METHOD_MATCH = YES;
				COPY_PHASE_STRIP = NO;
				DEBUG_INFORMATION_FORMAT = dwarf;
				ENABLE_STRICT_OBJC_MSGSEND = YES;
				ENABLE_TESTABILITY = YES;
				ENABLE_USER_SCRIPT_SANDBOXING = YES;
				GCC_C_LANGUAGE_STANDARD = gnu17;
				GCC_DYNAMIC_NO_PIC = NO;
				GCC_NO_COMMON_BLOCKS = YES;
				GCC_OPTIMIZATION_LEVEL = 0;
				GCC_PREPROCESSOR_DEFINITIONS = (
					"DEBUG=1",
					"$(inherited)",
				);
				GCC_WARN_64_TO_32_BIT_CONVERSION = YES;
				GCC_WARN_ABOUT_RETURN_TYPE = YES_ERROR;
				GCC_WARN_UNDECLARED_SELECTOR = YES;
				GCC_WARN_UNINITIALIZED_AUTOS = YES_AGGRESSIVE;
				GCC_WARN_UNUSED_FUNCTION = YES;
				GCC_WARN_UNUSED_VARIABLE = YES;
				IPHONEOS_DEPLOYMENT_TARGET = 18.2;
				LOCALIZATION_PREFERS_STRING_CATALOGS = YES;
				MTL_ENABLE_DEBUG_INFO = INCLUDE_SOURCE;
				MTL_FAST_MATH = YES;
				ONLY_ACTIVE_ARCH = YES;
				SDKROOT = iphoneos;
				SWIFT_ACTIVE_COMPILATION_CONDITIONS = "DEBUG $(inherited)";
				SWIFT_OPTIMIZATION_LEVEL = "-Onone";
			};
			name = Debug;
		};
		18BB56512D9A112E008B7B62 /* Release */ = {
			isa = XCBuildConfiguration;
			buildSettings = {
				ALWAYS_SEARCH_USER_PATHS = NO;
				ASSETCATALOG_COMPILER_GENERATE_SWIFT_ASSET_SYMBOL_EXTENSIONS = YES;
				CLANG_ANALYZER_NONNULL = YES;
				CLANG_ANALYZER_NUMBER_OBJECT_CONVERSION = YES_AGGRESSIVE;
				CLANG_CXX_LANGUAGE_STANDARD = "gnu++20";
				CLANG_ENABLE_MODULES = YES;
				CLANG_ENABLE_OBJC_ARC = YES;
				CLANG_ENABLE_OBJC_WEAK = YES;
				CLANG_WARN_BLOCK_CAPTURE_AUTORELEASING = YES;
				CLANG_WARN_BOOL_CONVERSION = YES;
				CLANG_WARN_COMMA = YES;
				CLANG_WARN_CONSTANT_CONVERSION = YES;
				CLANG_WARN_DEPRECATED_OBJC_IMPLEMENTATIONS = YES;
				CLANG_WARN_DIRECT_OBJC_ISA_USAGE = YES_ERROR;
				CLANG_WARN_DOCUMENTATION_COMMENTS = YES;
				CLANG_WARN_EMPTY_BODY = YES;
				CLANG_WARN_ENUM_CONVERSION = YES;
				CLANG_WARN_INFINITE_RECURSION = YES;
				CLANG_WARN_INT_CONVERSION = YES;
				CLANG_WARN_NON_LITERAL_NULL_CONVERSION = YES;
				CLANG_WARN_OBJC_IMPLICIT_RETAIN_SELF = YES;
				CLANG_WARN_OBJC_LITERAL_CONVERSION = YES;
				CLANG_WARN_OBJC_ROOT_CLASS = YES_ERROR;
				CLANG_WARN_QUOTED_INCLUDE_IN_FRAMEWORK_HEADER = YES;
				CLANG_WARN_RANGE_LOOP_ANALYSIS = YES;
				CLANG_WARN_STRICT_PROTOTYPES = YES;
				CLANG_WARN_SUSPICIOUS_MOVE = YES;
				CLANG_WARN_UNGUARDED_AVAILABILITY = YES_AGGRESSIVE;
				CLANG_WARN_UNREACHABLE_CODE = YES;
				CLANG_WARN__DUPLICATE_METHOD_MATCH = YES;
				COPY_PHASE_STRIP = NO;
				DEBUG_INFORMATION_FORMAT = "dwarf-with-dsym";
				ENABLE_NS_ASSERTIONS = NO;
				ENABLE_STRICT_OBJC_MSGSEND = YES;
				ENABLE_USER_SCRIPT_SANDBOXING = YES;
				GCC_C_LANGUAGE_STANDARD = gnu17;
				GCC_NO_COMMON_BLOCKS = YES;
				GCC_WARN_64_TO_32_BIT_CONVERSION = YES;
				GCC_WARN_ABOUT_RETURN_TYPE = YES_ERROR;
				GCC_WARN_UNDECLARED_SELECTOR = YES;
				GCC_WARN_UNINITIALIZED_AUTOS = YES_AGGRESSIVE;
				GCC_WARN_UNUSED_FUNCTION = YES;
				GCC_WARN_UNUSED_VARIABLE = YES;
				IPHONEOS_DEPLOYMENT_TARGET = 18.2;
				LOCALIZATION_PREFERS_STRING_CATALOGS = YES;
				MTL_ENABLE_DEBUG_INFO = NO;
				MTL_FAST_MATH = YES;
				SDKROOT = iphoneos;
				SWIFT_COMPILATION_MODE = wholemodule;
				VALIDATE_PRODUCT = YES;
			};
			name = Release;
		};
		18BB56532D9A112E008B7B62 /* Debug */ = {
			isa = XCBuildConfiguration;
			buildSettings = {
				ASSETCATALOG_COMPILER_APPICON_NAME = AppIcon;
				ASSETCATALOG_COMPILER_GLOBAL_ACCENT_COLOR_NAME = AccentColor;
				CODE_SIGN_STYLE = Automatic;
				CURRENT_PROJECT_VERSION = 1;
				DEVELOPMENT_ASSET_PATHS = "\"KuzuTestApp/Preview Content\"";
				DEVELOPMENT_TEAM = 64Z35549K3;
				ENABLE_PREVIEWS = YES;
				FRAMEWORK_SEARCH_PATHS = (
					"$(PROJECT_DIR)/**/**",
					"$(inherited)",
				);
				GENERATE_INFOPLIST_FILE = YES;
				HEADER_SEARCH_PATHS = (
					"\"<Multiple values>\"",
					"$(PROJECT_DIR)/KuzuTestApp/KuzuHeaders",
					"$(inherited)",
				);
				INFOPLIST_KEY_UIApplicationSceneManifest_Generation = YES;
				INFOPLIST_KEY_UIApplicationSupportsIndirectInputEvents = YES;
				INFOPLIST_KEY_UILaunchScreen_Generation = YES;
				INFOPLIST_KEY_UISupportedInterfaceOrientations_iPad = "UIInterfaceOrientationPortrait UIInterfaceOrientationPortraitUpsideDown UIInterfaceOrientationLandscapeLeft UIInterfaceOrientationLandscapeRight";
				INFOPLIST_KEY_UISupportedInterfaceOrientations_iPhone = "UIInterfaceOrientationPortrait UIInterfaceOrientationLandscapeLeft UIInterfaceOrientationLandscapeRight";
				LD_RUNPATH_SEARCH_PATHS = (
					"$(inherited)",
					"@executable_path/Frameworks",
				);
				MARKETING_VERSION = 1.0;
				OTHER_LDFLAGS = "-lc++";
				PRODUCT_BUNDLE_IDENTIFIER = com.journalbrand.KuzuTestApp;
				PRODUCT_NAME = "$(TARGET_NAME)";
				SWIFT_EMIT_LOC_STRINGS = YES;
				SWIFT_OBJC_BRIDGING_HEADER = "KuzuTestApp/KuzuTestApp-Bridging-Header.h";
				SWIFT_VERSION = 5.0;
				TARGETED_DEVICE_FAMILY = "1,2";
			};
			name = Debug;
		};
		18BB56542D9A112E008B7B62 /* Release */ = {
			isa = XCBuildConfiguration;
			buildSettings = {
				ASSETCATALOG_COMPILER_APPICON_NAME = AppIcon;
				ASSETCATALOG_COMPILER_GLOBAL_ACCENT_COLOR_NAME = AccentColor;
				CODE_SIGN_STYLE = Automatic;
				CURRENT_PROJECT_VERSION = 1;
				DEVELOPMENT_ASSET_PATHS = "\"KuzuTestApp/Preview Content\"";
				DEVELOPMENT_TEAM = 64Z35549K3;
				ENABLE_PREVIEWS = YES;
				GENERATE_INFOPLIST_FILE = YES;
				HEADER_SEARCH_PATHS = "\"<Multiple values>\"";
				INFOPLIST_KEY_UIApplicationSceneManifest_Generation = YES;
				INFOPLIST_KEY_UIApplicationSupportsIndirectInputEvents = YES;
				INFOPLIST_KEY_UILaunchScreen_Generation = YES;
				INFOPLIST_KEY_UISupportedInterfaceOrientations_iPad = "UIInterfaceOrientationPortrait UIInterfaceOrientationPortraitUpsideDown UIInterfaceOrientationLandscapeLeft UIInterfaceOrientationLandscapeRight";
				INFOPLIST_KEY_UISupportedInterfaceOrientations_iPhone = "UIInterfaceOrientationPortrait UIInterfaceOrientationLandscapeLeft UIInterfaceOrientationLandscapeRight";
				LD_RUNPATH_SEARCH_PATHS = (
					"$(inherited)",
					"@executable_path/Frameworks",
				);
				MARKETING_VERSION = 1.0;
				PRODUCT_BUNDLE_IDENTIFIER = com.journalbrand.KuzuTestApp;
				PRODUCT_NAME = "$(TARGET_NAME)";
				SWIFT_EMIT_LOC_STRINGS = YES;
				SWIFT_OBJC_BRIDGING_HEADER = "KuzuTestApp/KuzuTestApp-Bridging-Header.h";
				SWIFT_VERSION = 5.0;
				TARGETED_DEVICE_FAMILY = "1,2";
			};
			name = Release;
		};
		18BB56562D9A112E008B7B62 /* Debug */ = {
			isa = XCBuildConfiguration;
			buildSettings = {
				BUNDLE_LOADER = "$(TEST_HOST)";
				CODE_SIGN_STYLE = Automatic;
				CURRENT_PROJECT_VERSION = 1;
				DEVELOPMENT_TEAM = 64Z35549K3;
				GENERATE_INFOPLIST_FILE = YES;
				IPHONEOS_DEPLOYMENT_TARGET = 18.2;
				MARKETING_VERSION = 1.0;
				PRODUCT_BUNDLE_IDENTIFIER = com.journalbrand.KuzuTestAppTests;
				PRODUCT_NAME = "$(TARGET_NAME)";
				SWIFT_EMIT_LOC_STRINGS = NO;
				SWIFT_VERSION = 5.0;
				TARGETED_DEVICE_FAMILY = "1,2";
				TEST_HOST = "$(BUILT_PRODUCTS_DIR)/KuzuTestApp.app/$(BUNDLE_EXECUTABLE_FOLDER_PATH)/KuzuTestApp";
			};
			name = Debug;
		};
		18BB56572D9A112E008B7B62 /* Release */ = {
			isa = XCBuildConfiguration;
			buildSettings = {
				BUNDLE_LOADER = "$(TEST_HOST)";
				CODE_SIGN_STYLE = Automatic;
				CURRENT_PROJECT_VERSION = 1;
				DEVELOPMENT_TEAM = 64Z35549K3;
				GENERATE_INFOPLIST_FILE = YES;
				IPHONEOS_DEPLOYMENT_TARGET = 18.2;
				MARKETING_VERSION = 1.0;
				PRODUCT_BUNDLE_IDENTIFIER = com.journalbrand.KuzuTestAppTests;
				PRODUCT_NAME = "$(TARGET_NAME)";
				SWIFT_EMIT_LOC_STRINGS = NO;
				SWIFT_VERSION = 5.0;
				TARGETED_DEVICE_FAMILY = "1,2";
				TEST_HOST = "$(BUILT_PRODUCTS_DIR)/KuzuTestApp.app/$(BUNDLE_EXECUTABLE_FOLDER_PATH)/KuzuTestApp";
			};
			name = Release;
		};
		18BB56592D9A112E008B7B62 /* Debug */ = {
			isa = XCBuildConfiguration;
			buildSettings = {
				CODE_SIGN_STYLE = Automatic;
				CURRENT_PROJECT_VERSION = 1;
				DEVELOPMENT_TEAM = 64Z35549K3;
				GENERATE_INFOPLIST_FILE = YES;
				MARKETING_VERSION = 1.0;
				PRODUCT_BUNDLE_IDENTIFIER = com.journalbrand.KuzuTestAppUITests;
				PRODUCT_NAME = "$(TARGET_NAME)";
				SWIFT_EMIT_LOC_STRINGS = NO;
				SWIFT_VERSION = 5.0;
				TARGETED_DEVICE_FAMILY = "1,2";
				TEST_TARGET_NAME = KuzuTestApp;
			};
			name = Debug;
		};
		18BB565A2D9A112E008B7B62 /* Release */ = {
			isa = XCBuildConfiguration;
			buildSettings = {
				CODE_SIGN_STYLE = Automatic;
				CURRENT_PROJECT_VERSION = 1;
				DEVELOPMENT_TEAM = 64Z35549K3;
				GENERATE_INFOPLIST_FILE = YES;
				MARKETING_VERSION = 1.0;
				PRODUCT_BUNDLE_IDENTIFIER = com.journalbrand.KuzuTestAppUITests;
				PRODUCT_NAME = "$(TARGET_NAME)";
				SWIFT_EMIT_LOC_STRINGS = NO;
				SWIFT_VERSION = 5.0;
				TARGETED_DEVICE_FAMILY = "1,2";
				TEST_TARGET_NAME = KuzuTestApp;
			};
			name = Release;
		};
/* End XCBuildConfiguration section */

/* Begin XCConfigurationList section */
		18BB56292D9A1128008B7B62 /* Build configuration list for PBXProject "KuzuTestApp" */ = {
			isa = XCConfigurationList;
			buildConfigurations = (
				18BB56502D9A112E008B7B62 /* Debug */,
				18BB56512D9A112E008B7B62 /* Release */,
			);
			defaultConfigurationIsVisible = 0;
			defaultConfigurationName = Release;
		};
		18BB56522D9A112E008B7B62 /* Build configuration list for PBXNativeTarget "KuzuTestApp" */ = {
			isa = XCConfigurationList;
			buildConfigurations = (
				18BB56532D9A112E008B7B62 /* Debug */,
				18BB56542D9A112E008B7B62 /* Release */,
			);
			defaultConfigurationIsVisible = 0;
			defaultConfigurationName = Release;
		};
		18BB56552D9A112E008B7B62 /* Build configuration list for PBXNativeTarget "KuzuTestAppTests" */ = {
			isa = XCConfigurationList;
			buildConfigurations = (
				18BB56562D9A112E008B7B62 /* Debug */,
				18BB56572D9A112E008B7B62 /* Release */,
			);
			defaultConfigurationIsVisible = 0;
			defaultConfigurationName = Release;
		};
		18BB56582D9A112E008B7B62 /* Build configuration list for PBXNativeTarget "KuzuTestAppUITests" */ = {
			isa = XCConfigurationList;
			buildConfigurations = (
				18BB56592D9A112E008B7B62 /* Debug */,
				18BB565A2D9A112E008B7B62 /* Release */,
			);
			defaultConfigurationIsVisible = 0;
			defaultConfigurationName = Release;
		};
/* End XCConfigurationList section */
	};
	rootObject = 18BB56262D9A1128008B7B62 /* Project object */;
}
